{
  "version": 4,
  "terraform_version": "0.12.10",
  "serial": 420,
  "lineage": "36a512ad-2491-31ae-382a-303715181318",
  "outputs": {
    "master": {
      "value": {
        "id": "i-042d834780fcfb818",
        "ip": "3.121.213.217"
      },
      "type": [
        "object",
        {
          "id": "string",
          "ip": "string"
        }
      ]
    },
    "mysql_cmd": {
      "value": "mysql --host 3.121.213.217 --user admin",
      "type": "string"
    },
    "slave": {
      "value": {
        "id": "i-0ee7426805fd764e1",
        "ip": "3.121.86.45"
      },
      "type": [
        "object",
        {
          "id": "string",
          "ip": "string"
        }
      ]
    }
  },
  "resources": [
    {
      "mode": "data",
      "type": "aws_ami",
      "name": "mariadb",
      "provider": "provider.aws",
      "instances": [
        {
          "schema_version": 0,
          "attributes": {
            "architecture": "x86_64",
            "block_device_mappings": [
              {
                "device_name": "/dev/xvda",
                "ebs": {
                  "delete_on_termination": "true",
                  "encrypted": "false",
                  "iops": "0",
                  "snapshot_id": "snap-0cdd0d0927decd623",
                  "volume_size": "8",
                  "volume_type": "standard"
                },
                "no_device": "",
                "virtual_name": ""
              }
            ],
            "creation_date": "2019-10-20T18:53:21.000Z",
            "description": null,
            "executable_users": null,
            "filter": null,
            "hypervisor": "xen",
            "id": "ami-0796c2ee466faf49d",
            "image_id": "ami-0796c2ee466faf49d",
            "image_location": "663092282778/mariadb-20191020185043",
            "image_owner_alias": null,
            "image_type": "machine",
            "kernel_id": null,
            "most_recent": true,
            "name": "mariadb-20191020185043",
            "name_regex": "^mariadb-\\d{14}",
            "owner_id": "663092282778",
            "owners": [
              "self"
            ],
            "platform": null,
            "product_codes": [],
            "public": false,
            "ramdisk_id": null,
            "root_device_name": "/dev/xvda",
            "root_device_type": "ebs",
            "root_snapshot_id": "snap-0cdd0d0927decd623",
            "sriov_net_support": "simple",
            "state": "available",
            "state_reason": {
              "code": "UNSET",
              "message": "UNSET"
            },
            "tags": {},
            "virtualization_type": "hvm"
          }
        }
      ]
    },
    {
      "mode": "data",
      "type": "aws_iam_policy_document",
      "name": "cloudwatch_log_permissions",
      "provider": "provider.aws",
      "instances": [
        {
          "schema_version": 0,
          "attributes": {
            "id": "394097140",
            "json": "{\n  \"Version\": \"2012-10-17\",\n  \"Statement\": [\n    {\n      \"Sid\": \"\",\n      \"Effect\": \"Allow\",\n      \"Action\": [\n        \"logs:PutLogEvents\",\n        \"logs:DescribeLogStreams\",\n        \"logs:CreateLogStream\",\n        \"logs:CreateLogGroup\",\n        \"cloudwatch:SetAlarmState\",\n        \"cloudwatch:PutMetricData\",\n        \"cloudwatch:PutMetricAlarm\",\n        \"cloudwatch:ListMetrics\",\n        \"cloudwatch:GetMetricStatistics\"\n      ],\n      \"Resource\": \"*\"\n    }\n  ]\n}",
            "override_json": null,
            "policy_id": null,
            "source_json": null,
            "statement": [
              {
                "actions": [
                  "cloudwatch:GetMetricStatistics",
                  "cloudwatch:ListMetrics",
                  "cloudwatch:PutMetricAlarm",
                  "cloudwatch:PutMetricData",
                  "cloudwatch:SetAlarmState",
                  "logs:CreateLogGroup",
                  "logs:CreateLogStream",
                  "logs:DescribeLogStreams",
                  "logs:PutLogEvents"
                ],
                "condition": [],
                "effect": "Allow",
                "not_actions": [],
                "not_principals": [],
                "not_resources": [],
                "principals": [],
                "resources": [
                  "*"
                ],
                "sid": ""
              }
            ],
            "version": "2012-10-17"
          }
        }
      ]
    },
    {
      "mode": "data",
      "type": "aws_iam_policy_document",
      "name": "ec2_cloudwatch_logging_trust",
      "provider": "provider.aws",
      "instances": [
        {
          "schema_version": 0,
          "attributes": {
            "id": "1903849331",
            "json": "{\n  \"Version\": \"2012-10-17\",\n  \"Statement\": [\n    {\n      \"Sid\": \"\",\n      \"Effect\": \"Allow\",\n      \"Action\": \"sts:AssumeRole\",\n      \"Principal\": {\n        \"Service\": \"ec2.amazonaws.com\"\n      }\n    }\n  ]\n}",
            "override_json": null,
            "policy_id": null,
            "source_json": null,
            "statement": [
              {
                "actions": [
                  "sts:AssumeRole"
                ],
                "condition": [],
                "effect": "Allow",
                "not_actions": [],
                "not_principals": [],
                "not_resources": [],
                "principals": [
                  {
                    "identifiers": [
                      "ec2.amazonaws.com"
                    ],
                    "type": "Service"
                  }
                ],
                "resources": [],
                "sid": ""
              }
            ],
            "version": "2012-10-17"
          }
        }
      ]
    },
    {
      "mode": "data",
      "type": "http",
      "name": "myip",
      "provider": "provider.http",
      "instances": [
        {
          "schema_version": 0,
          "attributes": {
            "body": "83.7.55.4\n",
            "id": "2019-10-20 18:55:00.983878 +0000 UTC",
            "request_headers": null,
            "url": "http://ipv4.icanhazip.com"
          }
        }
      ]
    },
    {
      "mode": "managed",
      "type": "aws_cloudwatch_metric_alarm",
      "name": "mysql_replication_timeout",
      "provider": "provider.aws",
      "instances": [
        {
          "schema_version": 1,
          "attributes": {
            "actions_enabled": true,
            "alarm_actions": null,
            "alarm_description": "Replication delay alert",
            "alarm_name": "mysql-replication-timeout",
            "arn": "arn:aws:cloudwatch:eu-central-1:663092282778:alarm:mysql-replication-timeout",
            "comparison_operator": "GreaterThanThreshold",
            "datapoints_to_alarm": 1,
            "dimensions": {
              "InstanceID": "i-0ee7426805fd764e1"
            },
            "evaluate_low_sample_count_percentiles": "",
            "evaluation_periods": 1,
            "extended_statistic": "",
            "id": "mysql-replication-timeout",
            "insufficient_data_actions": null,
            "metric_name": "MysqlReplicationDelay",
            "metric_query": [],
            "namespace": "Custom",
            "ok_actions": null,
            "period": 60,
            "statistic": "Minimum",
            "tags": null,
            "threshold": 1,
            "treat_missing_data": "breaching",
            "unit": "Seconds"
          },
          "private": "eyJzY2hlbWFfdmVyc2lvbiI6IjEifQ==",
          "depends_on": [
            "aws_instance.mysql_slave"
          ]
        }
      ]
    },
    {
      "mode": "managed",
      "type": "aws_default_vpc",
      "name": "default",
      "provider": "provider.aws",
      "instances": [
        {
          "schema_version": 1,
          "attributes": {
            "arn": "arn:aws:ec2:eu-central-1:663092282778:vpc/vpc-e601f58c",
            "assign_generated_ipv6_cidr_block": false,
            "cidr_block": "172.31.0.0/16",
            "default_network_acl_id": "acl-8a21a0e0",
            "default_route_table_id": "rtb-5acba530",
            "default_security_group_id": "sg-5878413b",
            "dhcp_options_id": "dopt-0e5fab64",
            "enable_classiclink": null,
            "enable_classiclink_dns_support": null,
            "enable_dns_hostnames": true,
            "enable_dns_support": true,
            "id": "vpc-e601f58c",
            "instance_tenancy": "default",
            "ipv6_association_id": "",
            "ipv6_cidr_block": "",
            "main_route_table_id": "rtb-5acba530",
            "owner_id": "663092282778",
            "tags": null
          },
          "private": "eyJzY2hlbWFfdmVyc2lvbiI6IjEifQ=="
        }
      ]
    },
    {
      "mode": "managed",
      "type": "aws_iam_instance_profile",
      "name": "ec2_cloudwatch_logging",
      "provider": "provider.aws",
      "instances": [
        {
          "schema_version": 0,
          "attributes": {
            "arn": "arn:aws:iam::663092282778:instance-profile/ec2-cloudwatch-logging",
            "create_date": "2019-10-20T18:55:17Z",
            "id": "ec2-cloudwatch-logging",
            "name": "ec2-cloudwatch-logging",
            "name_prefix": null,
            "path": "/",
            "role": "ec2-cloudwatch-logging",
            "roles": [],
            "unique_id": "AIPAZUY3BIWNNXUHN47FH"
          },
          "private": "bnVsbA==",
          "depends_on": [
            "aws_iam_role.ec2_cloudwatch_logging"
          ]
        }
      ]
    },
    {
      "mode": "managed",
      "type": "aws_iam_role",
      "name": "ec2_cloudwatch_logging",
      "provider": "provider.aws",
      "instances": [
        {
          "schema_version": 0,
          "attributes": {
            "arn": "arn:aws:iam::663092282778:role/ec2-cloudwatch-logging",
            "assume_role_policy": "{\"Version\":\"2012-10-17\",\"Statement\":[{\"Sid\":\"\",\"Effect\":\"Allow\",\"Principal\":{\"Service\":\"ec2.amazonaws.com\"},\"Action\":\"sts:AssumeRole\"}]}",
            "create_date": "2019-10-20T18:55:16Z",
            "description": "",
            "force_detach_policies": false,
            "id": "ec2-cloudwatch-logging",
            "max_session_duration": 3600,
            "name": "ec2-cloudwatch-logging",
            "name_prefix": null,
            "path": "/",
            "permissions_boundary": null,
            "tags": null,
            "unique_id": "AROAZUY3BIWNFOCKNA44Q"
          },
          "private": "bnVsbA==",
          "depends_on": [
            "data.aws_iam_policy_document.ec2_cloudwatch_logging_trust"
          ]
        }
      ]
    },
    {
      "mode": "managed",
      "type": "aws_iam_role_policy",
      "name": "ec2_cloudwatch_logging",
      "provider": "provider.aws",
      "instances": [
        {
          "schema_version": 0,
          "attributes": {
            "id": "ec2-cloudwatch-logging:cloudwatch-log-permissions",
            "name": "cloudwatch-log-permissions",
            "name_prefix": null,
            "policy": "{\n  \"Version\": \"2012-10-17\",\n  \"Statement\": [\n    {\n      \"Sid\": \"\",\n      \"Effect\": \"Allow\",\n      \"Action\": [\n        \"logs:PutLogEvents\",\n        \"logs:DescribeLogStreams\",\n        \"logs:CreateLogStream\",\n        \"logs:CreateLogGroup\",\n        \"cloudwatch:SetAlarmState\",\n        \"cloudwatch:PutMetricData\",\n        \"cloudwatch:PutMetricAlarm\",\n        \"cloudwatch:ListMetrics\",\n        \"cloudwatch:GetMetricStatistics\"\n      ],\n      \"Resource\": \"*\"\n    }\n  ]\n}",
            "role": "ec2-cloudwatch-logging"
          },
          "private": "bnVsbA==",
          "depends_on": [
            "aws_iam_role.ec2_cloudwatch_logging",
            "data.aws_iam_policy_document.cloudwatch_log_permissions"
          ]
        }
      ]
    },
    {
      "mode": "managed",
      "type": "aws_instance",
      "name": "mysql_master",
      "provider": "provider.aws",
      "instances": [
        {
          "schema_version": 1,
          "attributes": {
            "ami": "ami-0796c2ee466faf49d",
            "arn": "arn:aws:ec2:eu-central-1:663092282778:instance/i-042d834780fcfb818",
            "associate_public_ip_address": true,
            "availability_zone": "eu-central-1a",
            "cpu_core_count": 1,
            "cpu_threads_per_core": 1,
            "credit_specification": [
              {
                "cpu_credits": "standard"
              }
            ],
            "disable_api_termination": false,
            "ebs_block_device": [],
            "ebs_optimized": false,
            "ephemeral_block_device": [],
            "get_password_data": false,
            "host_id": null,
            "iam_instance_profile": "ec2-cloudwatch-logging",
            "id": "i-042d834780fcfb818",
            "instance_initiated_shutdown_behavior": null,
            "instance_state": "running",
            "instance_type": "t2.micro",
            "ipv6_address_count": 0,
            "ipv6_addresses": [],
            "key_name": "personal",
            "monitoring": false,
            "network_interface": [],
            "network_interface_id": null,
            "password_data": "",
            "placement_group": "",
            "primary_network_interface_id": "eni-0c16694aa47c94280",
            "private_dns": "ip-172-31-16-11.eu-central-1.compute.internal",
            "private_ip": "172.31.16.11",
            "public_dns": "ec2-3-121-213-217.eu-central-1.compute.amazonaws.com",
            "public_ip": "3.121.213.217",
            "root_block_device": [
              {
                "delete_on_termination": true,
                "encrypted": false,
                "iops": 0,
                "kms_key_id": "",
                "volume_id": "vol-03bf850030b3930e3",
                "volume_size": 8,
                "volume_type": "standard"
              }
            ],
            "security_groups": [
              "mysql-replication"
            ],
            "source_dest_check": true,
            "subnet_id": "subnet-3097485a",
            "tags": {
              "Name": "mariadb-master"
            },
            "tenancy": "default",
            "timeouts": null,
            "user_data": "b4284cb2345e18eee27dc53f10363b50d0f2250e",
            "user_data_base64": null,
            "volume_tags": {},
            "vpc_security_group_ids": [
              "sg-0d3becbb505fe31c3"
            ]
          },
          "private": "eyJlMmJmYjczMC1lY2FhLTExZTYtOGY4OC0zNDM2M2JjN2M0YzAiOnsiY3JlYXRlIjo2MDAwMDAwMDAwMDAsImRlbGV0ZSI6MTIwMDAwMDAwMDAwMCwidXBkYXRlIjo2MDAwMDAwMDAwMDB9LCJzY2hlbWFfdmVyc2lvbiI6IjEifQ==",
          "depends_on": [
            "aws_iam_instance_profile.ec2_cloudwatch_logging",
            "aws_security_group.mysql_replication",
            "data.aws_ami.mariadb"
          ]
        }
      ]
    },
    {
      "mode": "managed",
      "type": "aws_instance",
      "name": "mysql_slave",
      "provider": "provider.aws",
      "instances": [
        {
          "schema_version": 1,
          "attributes": {
            "ami": "ami-0796c2ee466faf49d",
            "arn": "arn:aws:ec2:eu-central-1:663092282778:instance/i-0ee7426805fd764e1",
            "associate_public_ip_address": true,
            "availability_zone": "eu-central-1a",
            "cpu_core_count": 1,
            "cpu_threads_per_core": 1,
            "credit_specification": [
              {
                "cpu_credits": "standard"
              }
            ],
            "disable_api_termination": false,
            "ebs_block_device": [],
            "ebs_optimized": false,
            "ephemeral_block_device": [],
            "get_password_data": false,
            "host_id": null,
            "iam_instance_profile": "ec2-cloudwatch-logging",
            "id": "i-0ee7426805fd764e1",
            "instance_initiated_shutdown_behavior": null,
            "instance_state": "running",
            "instance_type": "t2.micro",
            "ipv6_address_count": 0,
            "ipv6_addresses": [],
            "key_name": "personal",
            "monitoring": false,
            "network_interface": [],
            "network_interface_id": null,
            "password_data": "",
            "placement_group": "",
            "primary_network_interface_id": "eni-0ff5b922509969eb3",
            "private_dns": "ip-172-31-16-12.eu-central-1.compute.internal",
            "private_ip": "172.31.16.12",
            "public_dns": "ec2-3-121-86-45.eu-central-1.compute.amazonaws.com",
            "public_ip": "3.121.86.45",
            "root_block_device": [
              {
                "delete_on_termination": true,
                "encrypted": false,
                "iops": 0,
                "kms_key_id": "",
                "volume_id": "vol-0d0489eda8e241bfa",
                "volume_size": 8,
                "volume_type": "standard"
              }
            ],
            "security_groups": [
              "mysql-replication"
            ],
            "source_dest_check": true,
            "subnet_id": "subnet-3097485a",
            "tags": {
              "Name": "mariadb-slave"
            },
            "tenancy": "default",
            "timeouts": null,
            "user_data": "9c136657efcaa79b60fd2237261ffc5fb8f55cc0",
            "user_data_base64": null,
            "volume_tags": {},
            "vpc_security_group_ids": [
              "sg-0d3becbb505fe31c3"
            ]
          },
          "private": "eyJlMmJmYjczMC1lY2FhLTExZTYtOGY4OC0zNDM2M2JjN2M0YzAiOnsiY3JlYXRlIjo2MDAwMDAwMDAwMDAsImRlbGV0ZSI6MTIwMDAwMDAwMDAwMCwidXBkYXRlIjo2MDAwMDAwMDAwMDB9LCJzY2hlbWFfdmVyc2lvbiI6IjEifQ==",
          "depends_on": [
            "aws_iam_instance_profile.ec2_cloudwatch_logging",
            "aws_instance.mysql_master",
            "aws_security_group.mysql_replication",
            "data.aws_ami.mariadb"
          ]
        }
      ]
    },
    {
      "mode": "managed",
      "type": "aws_security_group",
      "name": "mysql_replication",
      "provider": "provider.aws",
      "instances": [
        {
          "schema_version": 1,
          "attributes": {
            "arn": "arn:aws:ec2:eu-central-1:663092282778:security-group/sg-0d3becbb505fe31c3",
            "description": "Allow mysql connection between mariadb instances",
            "egress": [
              {
                "cidr_blocks": [
                  "0.0.0.0/0"
                ],
                "description": "",
                "from_port": 0,
                "ipv6_cidr_blocks": [],
                "prefix_list_ids": [],
                "protocol": "-1",
                "security_groups": [],
                "self": false,
                "to_port": 0
              }
            ],
            "id": "sg-0d3becbb505fe31c3",
            "ingress": [
              {
                "cidr_blocks": [
                  "83.7.55.4/32"
                ],
                "description": "",
                "from_port": 22,
                "ipv6_cidr_blocks": [],
                "prefix_list_ids": [],
                "protocol": "tcp",
                "security_groups": [],
                "self": false,
                "to_port": 22
              },
              {
                "cidr_blocks": [
                  "83.7.55.4/32"
                ],
                "description": "",
                "from_port": 3306,
                "ipv6_cidr_blocks": [],
                "prefix_list_ids": [],
                "protocol": "tcp",
                "security_groups": [],
                "self": false,
                "to_port": 3306
              },
              {
                "cidr_blocks": [],
                "description": "",
                "from_port": 3306,
                "ipv6_cidr_blocks": [],
                "prefix_list_ids": [],
                "protocol": "tcp",
                "security_groups": [],
                "self": true,
                "to_port": 3306
              }
            ],
            "name": "mysql-replication",
            "name_prefix": null,
            "owner_id": "663092282778",
            "revoke_rules_on_delete": false,
            "tags": null,
            "timeouts": null,
            "vpc_id": "vpc-e601f58c"
          },
          "private": "eyJlMmJmYjczMC1lY2FhLTExZTYtOGY4OC0zNDM2M2JjN2M0YzAiOnsiY3JlYXRlIjo2MDAwMDAwMDAwMDAsImRlbGV0ZSI6NjAwMDAwMDAwMDAwfSwic2NoZW1hX3ZlcnNpb24iOiIxIn0=",
          "depends_on": [
            "aws_default_vpc.default",
            "data.http.myip"
          ]
        }
      ]
    }
  ]
}
